
Microsoft Visual Studio Solution File, Format Version 12.00
# Visual Studio 15
VisualStudioVersion = 15.0.28307.705
MinimumVisualStudioVersion = 10.0.40219.1
Project("{FAE04EC0-301F-11D3-BF4B-00C04F79EFBC}") = "fanjian", "fanjian\fanjian.csproj", "{6A498ED3-E4ED-4602-B6C4-776BC06C075E}"
EndProject
Global
	GlobalSection(SolutionConfigurationPlatforms) = preSolution
		Debug|Any CPU = Debug|Any CPU
		Release|Any CPU = Release|Any CPU
	EndGlobalSection
	GlobalSection(ProjectConfigurationPlatforms) = postSolution
		{6A498ED3-E4ED-4602-B6C4-776BC06C075E}.Debug|Any CPU.ActiveCfg = Debug|Any CPU
		{6A498ED3-E4ED-4602-B6C4-776BC06C075E}.Debug|Any CPU.Build.0 = Debug|Any CPU
		{6A498ED3-E4ED-4602-B6C4-776BC06C075E}.Release|Any CPU.ActiveCfg = Release|Any CPU
		{6A498ED3-E4ED-4602-B6C4-776BC06C075E}.Release|Any CPU.Build.0 = Release|Any CPU
	EndGlobalSection
	GlobalSection(SolutionProperties) = preSolution
		HideSolutionNode = FALSE
	EndGlobalSection
	GlobalSection(ExtensibilityGlobals) = postSolution
		SolutionGuid = {C73838E2-092C-4C29-9EF6-476C51DAEF51}
	EndGlobalSection
EndGlobal
